// !$*UTF8*$!
{
	archiveVersion = 1;
	classes = {
	};
	objectVersion = 50;
	objects = {

/* Begin PBXBuildFile section */
		589AF0A8258A0F9D00A8059F /* AppDelegate.swift in Sources */ = {isa = PBXBuildFile; fileRef = 589AF0A7258A0F9D00A8059F /* AppDelegate.swift */; };
		589AF0AA258A0F9D00A8059F /* SceneDelegate.swift in Sources */ = {isa = PBXBuildFile; fileRef = 589AF0A9258A0F9D00A8059F /* SceneDelegate.swift */; };
		589AF0AC258A0F9D00A8059F /* MainViewController.swift in Sources */ = {isa = PBXBuildFile; fileRef = 589AF0AB258A0F9D00A8059F /* MainViewController.swift */; };
		589AF0AF258A0F9D00A8059F /* Main.storyboard in Resources */ = {isa = PBXBuildFile; fileRef = 589AF0AD258A0F9D00A8059F /* Main.storyboard */; };
		589AF0B1258A0FA500A8059F /* Assets.xcassets in Resources */ = {isa = PBXBuildFile; fileRef = 589AF0B0258A0FA500A8059F /* Assets.xcassets */; };
		589AF0B4258A0FA500A8059F /* LaunchScreen.storyboard in Resources */ = {isa = PBXBuildFile; fileRef = 589AF0B2258A0FA500A8059F /* LaunchScreen.storyboard */; };
		589AF0C5258A15E900A8059F /* Matrix.swift in Sources */ = {isa = PBXBuildFile; fileRef = 589AF0C4258A15E900A8059F /* Matrix.swift */; };
		589AF0C9258A1E5800A8059F /* ResultsViewController.swift in Sources */ = {isa = PBXBuildFile; fileRef = 589AF0C8258A1E5800A8059F /* ResultsViewController.swift */; };
		589C68E7258A43780083E28D /* Extension + MainViewController.swift in Sources */ = {isa = PBXBuildFile; fileRef = 589C68E6258A43780083E28D /* Extension + MainViewController.swift */; };
		58E46772258A6272000B715A /* DataManager.swift in Sources */ = {isa = PBXBuildFile; fileRef = 58E46771258A6272000B715A /* DataManager.swift */; };
		58E46776258A8034000B715A /* Keys.swift in Sources */ = {isa = PBXBuildFile; fileRef = 58E46775258A8034000B715A /* Keys.swift */; };
/* End PBXBuildFile section */

/* Begin PBXFileReference section */
		589AF0A4258A0F9D00A8059F /* MG-M.app */ = {isa = PBXFileReference; explicitFileType = wrapper.application; includeInIndex = 0; path = "MG-M.app"; sourceTree = BUILT_PRODUCTS_DIR; };
		589AF0A7258A0F9D00A8059F /* AppDelegate.swift */ = {isa = PBXFileReference; lastKnownFileType = sourcecode.swift; path = AppDelegate.swift; sourceTree = "<group>"; };
		589AF0A9258A0F9D00A8059F /* SceneDelegate.swift */ = {isa = PBXFileReference; lastKnownFileType = sourcecode.swift; path = SceneDelegate.swift; sourceTree = "<group>"; };
		589AF0AB258A0F9D00A8059F /* MainViewController.swift */ = {isa = PBXFileReference; lastKnownFileType = sourcecode.swift; path = MainViewController.swift; sourceTree = "<group>"; };
		589AF0AE258A0F9D00A8059F /* Base */ = {isa = PBXFileReference; lastKnownFileType = file.storyboard; name = Base; path = Base.lproj/Main.storyboard; sourceTree = "<group>"; };
		589AF0B0258A0FA500A8059F /* Assets.xcassets */ = {isa = PBXFileReference; lastKnownFileType = folder.assetcatalog; path = Assets.xcassets; sourceTree = "<group>"; };
		589AF0B3258A0FA500A8059F /* Base */ = {isa = PBXFileReference; lastKnownFileType = file.storyboard; name = Base; path = Base.lproj/LaunchScreen.storyboard; sourceTree = "<group>"; };
		589AF0B5258A0FA500A8059F /* Info.plist */ = {isa = PBXFileReference; lastKnownFileType = text.plist.xml; path = Info.plist; sourceTree = "<group>"; };
		589AF0C4258A15E900A8059F /* Matrix.swift */ = {isa = PBXFileReference; lastKnownFileType = sourcecode.swift; path = Matrix.swift; sourceTree = "<group>"; };
		589AF0C8258A1E5800A8059F /* ResultsViewController.swift */ = {isa = PBXFileReference; lastKnownFileType = sourcecode.swift; path = ResultsViewController.swift; sourceTree = "<group>"; };
		589C68E6258A43780083E28D /* Extension + MainViewController.swift */ = {isa = PBXFileReference; lastKnownFileType = sourcecode.swift; path = "Extension + MainViewController.swift"; sourceTree = "<group>"; };
		58E46771258A6272000B715A /* DataManager.swift */ = {isa = PBXFileReference; lastKnownFileType = sourcecode.swift; path = DataManager.swift; sourceTree = "<group>"; };
		58E46775258A8034000B715A /* Keys.swift */ = {isa = PBXFileReference; lastKnownFileType = sourcecode.swift; path = Keys.swift; sourceTree = "<group>"; };
/* End PBXFileReference section */

/* Begin PBXFrameworksBuildPhase section */
		589AF0A1258A0F9D00A8059F /* Frameworks */ = {
			isa = PBXFrameworksBuildPhase;
			buildActionMask = 2147483647;
			files = (
			);
			runOnlyForDeploymentPostprocessing = 0;
		};
/* End PBXFrameworksBuildPhase section */

/* Begin PBXGroup section */
		589AF09B258A0F9D00A8059F = {
			isa = PBXGroup;
			children = (
				589AF0A6258A0F9D00A8059F /* MG-M */,
				589AF0A5258A0F9D00A8059F /* Products */,
			);
			sourceTree = "<group>";
		};
		589AF0A5258A0F9D00A8059F /* Products */ = {
			isa = PBXGroup;
			children = (
				589AF0A4258A0F9D00A8059F /* MG-M.app */,
			);
			name = Products;
			sourceTree = "<group>";
		};
		589AF0A6258A0F9D00A8059F /* MG-M */ = {
			isa = PBXGroup;
			children = (
				589AF0BE258A0FC600A8059F /* ViewControllers */,
				589AF0C2258A0FE600A8059F /* Models */,
				58E46770258A625A000B715A /* DataManager */,
				589AF0C0258A0FD100A8059F /* Storyboards */,
				589C68E5258A435B0083E28D /* Extensions */,
				589AF0BD258A0FBD00A8059F /* SupportingFiles */,
				589AF0C1258A0FDE00A8059F /* Source */,
			);
			path = "MG-M";
			sourceTree = "<group>";
		};
		589AF0BD258A0FBD00A8059F /* SupportingFiles */ = {
			isa = PBXGroup;
			children = (
				589AF0A7258A0F9D00A8059F /* AppDelegate.swift */,
				589AF0A9258A0F9D00A8059F /* SceneDelegate.swift */,
				589AF0B5258A0FA500A8059F /* Info.plist */,
			);
			path = SupportingFiles;
			sourceTree = "<group>";
		};
		589AF0BE258A0FC600A8059F /* ViewControllers */ = {
			isa = PBXGroup;
			children = (
				589AF0AB258A0F9D00A8059F /* MainViewController.swift */,
				589AF0C8258A1E5800A8059F /* ResultsViewController.swift */,
			);
			path = ViewControllers;
			sourceTree = "<group>";
		};
		589AF0C0258A0FD100A8059F /* Storyboards */ = {
			isa = PBXGroup;
			children = (
				589AF0AD258A0F9D00A8059F /* Main.storyboard */,
				589AF0B2258A0FA500A8059F /* LaunchScreen.storyboard */,
			);
			path = Storyboards;
			sourceTree = "<group>";
		};
		589AF0C1258A0FDE00A8059F /* Source */ = {
			isa = PBXGroup;
			children = (
				589AF0B0258A0FA500A8059F /* Assets.xcassets */,
			);
			path = Source;
			sourceTree = "<group>";
		};
		589AF0C2258A0FE600A8059F /* Models */ = {
			isa = PBXGroup;
			children = (
				589AF0C4258A15E900A8059F /* Matrix.swift */,
			);
			path = Models;
			sourceTree = "<group>";
		};
		589C68E5258A435B0083E28D /* Extensions */ = {
			isa = PBXGroup;
			children = (
				589C68E6258A43780083E28D /* Extension + MainViewController.swift */,
			);
			path = Extensions;
			sourceTree = "<group>";
		};
		58E46770258A625A000B715A /* DataManager */ = {
			isa = PBXGroup;
			children = (
				58E46771258A6272000B715A /* DataManager.swift */,
				58E46775258A8034000B715A /* Keys.swift */,
			);
			path = DataManager;
			sourceTree = "<group>";
		};
/* End PBXGroup section */

/* Begin PBXNativeTarget section */
		589AF0A3258A0F9D00A8059F /* MG-M */ = {
			isa = PBXNativeTarget;
			buildConfigurationList = 589AF0B8258A0FA500A8059F /* Build configuration list for PBXNativeTarget "MG-M" */;
			buildPhases = (
				589AF0A0258A0F9D00A8059F /* Sources */,
				589AF0A1258A0F9D00A8059F /* Frameworks */,
				589AF0A2258A0F9D00A8059F /* Resources */,
			);
			buildRules = (
			);
			dependencies = (
			);
			name = "MG-M";
			productName = "MG-M";
			productReference = 589AF0A4258A0F9D00A8059F /* MG-M.app */;
			productType = "com.apple.product-type.application";
		};
/* End PBXNativeTarget section */

/* Begin PBXProject section */
		589AF09C258A0F9D00A8059F /* Project object */ = {
			isa = PBXProject;
			attributes = {
				LastSwiftUpdateCheck = 1220;
				LastUpgradeCheck = 1220;
				TargetAttributes = {
					589AF0A3258A0F9D00A8059F = {
						CreatedOnToolsVersion = 12.2;
					};
				};
			};
			buildConfigurationList = 589AF09F258A0F9D00A8059F /* Build configuration list for PBXProject "MG-M" */;
			compatibilityVersion = "Xcode 9.3";
			developmentRegion = en;
			hasScannedForEncodings = 0;
			knownRegions = (
				en,
				Base,
			);
			mainGroup = 589AF09B258A0F9D00A8059F;
			productRefGroup = 589AF0A5258A0F9D00A8059F /* Products */;
			projectDirPath = "";
			projectRoot = "";
			targets = (
				589AF0A3258A0F9D00A8059F /* MG-M */,
			);
		};
/* End PBXProject section */

/* Begin PBXResourcesBuildPhase section */
		589AF0A2258A0F9D00A8059F /* Resources */ = {
			isa = PBXResourcesBuildPhase;
			buildActionMask = 2147483647;
			files = (
				589AF0B4258A0FA500A8059F /* LaunchScreen.storyboard in Resources */,
				589AF0B1258A0FA500A8059F /* Assets.xcassets in Resources */,
				589AF0AF258A0F9D00A8059F /* Main.storyboard in Resources */,
			);
			runOnlyForDeploymentPostprocessing = 0;
		};
/* End PBXResourcesBuildPhase section */

/* Begin PBXSourcesBuildPhase section */
		589AF0A0258A0F9D00A8059F /* Sources */ = {
			isa = PBXSourcesBuildPhase;
			buildActionMask = 2147483647;
			files = (
				589AF0C5258A15E900A8059F /* Matrix.swift in Sources */,
				58E46776258A8034000B715A /* Keys.swift in Sources */,
				589C68E7258A43780083E28D /* Extension + MainViewController.swift in Sources */,
				589AF0AC258A0F9D00A8059F /* MainViewController.swift in Sources */,
				58E46772258A6272000B715A /* DataManager.swift in Sources */,
				589AF0A8258A0F9D00A8059F /* AppDelegate.swift in Sources */,
				589AF0C9258A1E5800A8059F /* ResultsViewController.swift in Sources */,
				589AF0AA258A0F9D00A8059F /* SceneDelegate.swift in Sources */,
			);
			runOnlyForDeploymentPostprocessing = 0;
		};
/* End PBXSourcesBuildPhase section */

/* Begin PBXVariantGroup section */
		589AF0AD258A0F9D00A8059F /* Main.storyboard */ = {
			isa = PBXVariantGroup;
			children = (
				589AF0AE258A0F9D00A8059F /* Base */,
			);
			name = Main.storyboard;
			sourceTree = "<group>";
		};
		589AF0B2258A0FA500A8059F /* LaunchScreen.storyboard */ = {
			isa = PBXVariantGroup;
			children = (
				589AF0B3258A0FA500A8059F /* Base */,
			);
			name = LaunchScreen.storyboard;
			sourceTree = "<group>";
		};
/* End PBXVariantGroup section */

/* Begin XCBuildConfiguration section */
		589AF0B6258A0FA500A8059F /* Debug */ = {
			isa = XCBuildConfiguration;
			buildSettings = {
				ALWAYS_SEARCH_USER_PATHS = NO;
				CLANG_ANALYZER_NONNULL = YES;
				CLANG_ANALYZER_NUMBER_OBJECT_CONVERSION = YES_AGGRESSIVE;
				CLANG_CXX_LANGUAGE_STANDARD = "gnu++14";
				CLANG_CXX_LIBRARY = "libc++";
				CLANG_ENABLE_MODULES = YES;
				CLANG_ENABLE_OBJC_ARC = YES;
				CLANG_ENABLE_OBJC_WEAK = YES;
				CLANG_WARN_BLOCK_CAPTURE_AUTORELEASING = YES;
				CLANG_WARN_BOOL_CONVERSION = YES;
				CLANG_WARN_COMMA = YES;
				CLANG_WARN_CONSTANT_CONVERSION = YES;
				CLANG_WARN_DEPRECATED_OBJC_IMPLEMENTATIONS = YES;
				CLANG_WARN_DIRECT_OBJC_ISA_USAGE = YES_ERROR;
				CLANG_WARN_DOCUMENTATION_COMMENTS = YES;
				CLANG_WARN_EMPTY_BODY = YES;
				CLANG_WARN_ENUM_CONVERSION = YES;
				CLANG_WARN_INFINITE_RECURSION = YES;
				CLANG_WARN_INT_CONVERSION = YES;
				CLANG_WARN_NON_LITERAL_NULL_CONVERSION = YES;
				CLANG_WARN_OBJC_IMPLICIT_RETAIN_SELF = YES;
				CLANG_WARN_OBJC_LITERAL_CONVERSION = YES;
				CLANG_WARN_OBJC_ROOT_CLASS = YES_ERROR;
				CLANG_WARN_QUOTED_INCLUDE_IN_FRAMEWORK_HEADER = YES;
				CLANG_WARN_RANGE_LOOP_ANALYSIS = YES;
				CLANG_WARN_STRICT_PROTOTYPES = YES;
				CLANG_WARN_SUSPICIOUS_MOVE = YES;
				CLANG_WARN_UNGUARDED_AVAILABILITY = YES_AGGRESSIVE;
				CLANG_WARN_UNREACHABLE_CODE = YES;
				CLANG_WARN__DUPLICATE_METHOD_MATCH = YES;
				COPY_PHASE_STRIP = NO;
				DEBUG_INFORMATION_FORMAT = dwarf;
				ENABLE_STRICT_OBJC_MSGSEND = YES;
				ENABLE_TESTABILITY = YES;
				GCC_C_LANGUAGE_STANDARD = gnu11;
				GCC_DYNAMIC_NO_PIC = NO;
				GCC_NO_COMMON_BLOCKS = YES;
				GCC_OPTIMIZATION_LEVEL = 0;
				GCC_PREPROCESSOR_DEFINITIONS = (
					"DEBUG=1",
					"$(inherited)",
				);
				GCC_WARN_64_TO_32_BIT_CONVERSION = YES;
				GCC_WARN_ABOUT_RETURN_TYPE = YES_ERROR;
				GCC_WARN_UNDECLARED_SELECTOR = YES;
				GCC_WARN_UNINITIALIZED_AUTOS = YES_AGGRESSIVE;
				GCC_WARN_UNUSED_FUNCTION = YES;
				GCC_WARN_UNUSED_VARIABLE = YES;
				IPHONEOS_DEPLOYMENT_TARGET = 14.2;
				MTL_ENABLE_DEBUG_INFO = INCLUDE_SOURCE;
				MTL_FAST_MATH = YES;
				ONLY_ACTIVE_ARCH = YES;
				SDKROOT = iphoneos;
				SWIFT_ACTIVE_COMPILATION_CONDITIONS = DEBUG;
				SWIFT_OPTIMIZATION_LEVEL = "-Onone";
			};
			name = Debug;
		};
		589AF0B7258A0FA500A8059F /* Release */ = {
			isa = XCBuildConfiguration;
			buildSettings = {
				ALWAYS_SEARCH_USER_PATHS = NO;
				CLANG_ANALYZER_NONNULL = YES;
				CLANG_ANALYZER_NUMBER_OBJECT_CONVERSION = YES_AGGRESSIVE;
				CLANG_CXX_LANGUAGE_STANDARD = "gnu++14";
				CLANG_CXX_LIBRARY = "libc++";
				CLANG_ENABLE_MODULES = YES;
				CLANG_ENABLE_OBJC_ARC = YES;
				CLANG_ENABLE_OBJC_WEAK = YES;
				CLANG_WARN_BLOCK_CAPTURE_AUTORELEASING = YES;
				CLANG_WARN_BOOL_CONVERSION = YES;
				CLANG_WARN_COMMA = YES;
				CLANG_WARN_CONSTANT_CONVERSION = YES;
				CLANG_WARN_DEPRECATED_OBJC_IMPLEMENTATIONS = YES;
				CLANG_WARN_DIRECT_OBJC_ISA_USAGE = YES_ERROR;
				CLANG_WARN_DOCUMENTATION_COMMENTS = YES;
				CLANG_WARN_EMPTY_BODY = YES;
				CLANG_WARN_ENUM_CONVERSION = YES;
				CLANG_WARN_INFINITE_RECURSION = YES;
				CLANG_WARN_INT_CONVERSION = YES;
				CLANG_WARN_NON_LITERAL_NULL_CONVERSION = YES;
				CLANG_WARN_OBJC_IMPLICIT_RETAIN_SELF = YES;
				CLANG_WARN_OBJC_LITERAL_CONVERSION = YES;
				CLANG_WARN_OBJC_ROOT_CLASS = YES_ERROR;
				CLANG_WARN_QUOTED_INCLUDE_IN_FRAMEWORK_HEADER = YES;
				CLANG_WARN_RANGE_LOOP_ANALYSIS = YES;
				CLANG_WARN_STRICT_PROTOTYPES = YES;
				CLANG_WARN_SUSPICIOUS_MOVE = YES;
				CLANG_WARN_UNGUARDED_AVAILABILITY = YES_AGGRESSIVE;
				CLANG_WARN_UNREACHABLE_CODE = YES;
				CLANG_WARN__DUPLICATE_METHOD_MATCH = YES;
				COPY_PHASE_STRIP = NO;
				DEBUG_INFORMATION_FORMAT = "dwarf-with-dsym";
				ENABLE_NS_ASSERTIONS = NO;
				ENABLE_STRICT_OBJC_MSGSEND = YES;
				GCC_C_LANGUAGE_STANDARD = gnu11;
				GCC_NO_COMMON_BLOCKS = YES;
				GCC_WARN_64_TO_32_BIT_CONVERSION = YES;
				GCC_WARN_ABOUT_RETURN_TYPE = YES_ERROR;
				GCC_WARN_UNDECLARED_SELECTOR = YES;
				GCC_WARN_UNINITIALIZED_AUTOS = YES_AGGRESSIVE;
				GCC_WARN_UNUSED_FUNCTION = YES;
				GCC_WARN_UNUSED_VARIABLE = YES;
				IPHONEOS_DEPLOYMENT_TARGET = 14.2;
				MTL_ENABLE_DEBUG_INFO = NO;
				MTL_FAST_MATH = YES;
				SDKROOT = iphoneos;
				SWIFT_COMPILATION_MODE = wholemodule;
				SWIFT_OPTIMIZATION_LEVEL = "-O";
				VALIDATE_PRODUCT = YES;
			};
			name = Release;
		};
		589AF0B9258A0FA500A8059F /* Debug */ = {
			isa = XCBuildConfiguration;
			buildSettings = {
				ASSETCATALOG_COMPILER_APPICON_NAME = AppIcon;
				ASSETCATALOG_COMPILER_GLOBAL_ACCENT_COLOR_NAME = AccentColor;
				CODE_SIGN_STYLE = Automatic;
				DEVELOPMENT_TEAM = B7NCZ24UXD;
				INFOPLIST_FILE = "MG-M/SupportingFiles/Info.plist";
				LD_RUNPATH_SEARCH_PATHS = (
					"$(inherited)",
					"@executable_path/Frameworks",
				);
				MARKETING_VERSION = 1.0.0;
				PRODUCT_BUNDLE_IDENTIFIER = "test.eugene.st.MG-M";
				PRODUCT_NAME = "$(TARGET_NAME)";
				SWIFT_VERSION = 5.0;
				TARGETED_DEVICE_FAMILY = "1,2";
			};
			name = Debug;
		};
		589AF0BA258A0FA500A8059F /* Release */ = {
			isa = XCBuildConfiguration;
			buildSettings = {
				ASSETCATALOG_COMPILER_APPICON_NAME = AppIcon;
				ASSETCATALOG_COMPILER_GLOBAL_ACCENT_COLOR_NAME = AccentColor;
				CODE_SIGN_STYLE = Automatic;
				DEVELOPMENT_TEAM = B7NCZ24UXD;
				INFOPLIST_FILE = "MG-M/SupportingFiles/Info.plist";
				LD_RUNPATH_SEARCH_PATHS = (
					"$(inherited)",
					"@executable_path/Frameworks",
				);
				MARKETING_VERSION = 1.0.0;
				PRODUCT_BUNDLE_IDENTIFIER = "test.eugene.st.MG-M";
				PRODUCT_NAME = "$(TARGET_NAME)";
				SWIFT_VERSION = 5.0;
				TARGETED_DEVICE_FAMILY = "1,2";
			};
			name = Release;
		};
/* End XCBuildConfiguration section */

/* Begin XCConfigurationList section */
		589AF09F258A0F9D00A8059F /* Build configuration list for PBXProject "MG-M" */ = {
			isa = XCConfigurationList;
			buildConfigurations = (
				589AF0B6258A0FA500A8059F /* Debug */,
				589AF0B7258A0FA500A8059F /* Release */,
			);
			defaultConfigurationIsVisible = 0;
			defaultConfigurationName = Release;
		};
		589AF0B8258A0FA500A8059F /* Build configuration list for PBXNativeTarget "MG-M" */ = {
			isa = XCConfigurationList;
			buildConfigurations = (
				589AF0B9258A0FA500A8059F /* Debug */,
				589AF0BA258A0FA500A8059F /* Release */,
			);
			defaultConfigurationIsVisible = 0;
			defaultConfigurationName = Release;
		};
/* End XCConfigurationList section */
	};
	rootObject = 589AF09C258A0F9D00A8059F /* Project object */;
}
